
Microsoft Visual Studio Solution File, Format Version 12.00
# Visual Studio Version 16
VisualStudioVersion = 16.0.31624.102
MinimumVisualStudioVersion = 10.0.40219.1
Project("{FAE04EC0-301F-11D3-BF4B-00C04F79EFBC}") = "TickTackToe", "TickTackToe\TickTackToe.csproj", "{CACC87ED-EF70-4E22-BB0F-8F6A6612492F}"
EndProject
Global
	GlobalSection(SolutionConfigurationPlatforms) = preSolution
		Debug|Any CPU = Debug|Any CPU
		Release|Any CPU = Release|Any CPU
	EndGlobalSection
	GlobalSection(ProjectConfigurationPlatforms) = postSolution
		{CACC87ED-EF70-4E22-BB0F-8F6A6612492F}.Debug|Any CPU.ActiveCfg = Debug|Any CPU
		{CACC87ED-EF70-4E22-BB0F-8F6A6612492F}.Debug|Any CPU.Build.0 = Debug|Any CPU
		{CACC87ED-EF70-4E22-BB0F-8F6A6612492F}.Release|Any CPU.ActiveCfg = Release|Any CPU
		{CACC87ED-EF70-4E22-BB0F-8F6A6612492F}.Release|Any CPU.Build.0 = Release|Any CPU
	EndGlobalSection
	GlobalSection(SolutionProperties) = preSolution
		HideSolutionNode = FALSE
	EndGlobalSection
	GlobalSection(ExtensibilityGlobals) = postSolution
		SolutionGuid = {AEA29BA9-6713-4A66-8BC0-F29F1E9ECABC}
	EndGlobalSection
EndGlobal
